PODS:
  - Alamofire (5.2.1)
  - OAuthSwift (2.0.0)
  - R.swift (5.2.2):
    - R.swift.Library (~> 5.2.0)
  - R.swift.Library (5.2.0)
  - SwiftKeychainWrapper (3.4.0)
  - SwiftLint (0.39.2)

DEPENDENCIES:
  - Alamofire (~> 5.2)
  - OAuthSwift (~> 2.0.0)
  - R.swift
  - SwiftKeychainWrapper
  - SwiftLint

SPEC REPOS:
  trunk:
    - Alamofire
    - OAuthSwift
    - R.swift
    - R.swift.Library
    - SwiftKeychainWrapper
    - SwiftLint

SPEC CHECKSUMS:
  Alamofire: e911732990610fe89af59ac0077f923d72dc3dfd
  OAuthSwift: 6805456763cf1c7ae0c16765257ed430b7aacae7
  R.swift: 7c52cdc57a66840ffe6cbd8a823d732059d42a32
  R.swift.Library: 5ba4f1631300caf9a4d890186930da85d540769d
  SwiftKeychainWrapper: 6fc49fbf7d4a6b0772917acb0e53a1639f6078d6
  SwiftLint: 22ccbbe3b8008684be5955693bab135e0ed6a447

PODFILE CHECKSUM: 8d0cba1bbd3b73eab7b884c59d37dde3d209a8f3

COCOAPODS: 1.9.3
