// !$*UTF8*$!
{
	archiveVersion = 1;
	classes = {
	};
	objectVersion = 51;
	objects = {

/* Begin PBXBuildFile section */
		02146DA324970F09009662C7 /* Montserrat-Medium.otf in Resources */ = {isa = PBXBuildFile; fileRef = 02146DA224970F09009662C7 /* Montserrat-Medium.otf */; };
		02146DA524971024009662C7 /* Weather.storyboard in Resources */ = {isa = PBXBuildFile; fileRef = 02146DA424971024009662C7 /* Weather.storyboard */; };
		02146DA7249715B3009662C7 /* Forecast.storyboard in Resources */ = {isa = PBXBuildFile; fileRef = 02146DA6249715B3009662C7 /* Forecast.storyboard */; };
		02146DAC249716CC009662C7 /* ForecastDayTableViewCell.swift in Sources */ = {isa = PBXBuildFile; fileRef = 02146DAA249716CC009662C7 /* ForecastDayTableViewCell.swift */; };
		02146DAD249716CC009662C7 /* ForecastDayTableViewCell.xib in Resources */ = {isa = PBXBuildFile; fileRef = 02146DAB249716CC009662C7 /* ForecastDayTableViewCell.xib */; };
		02146DAF249719E7009662C7 /* Montserrat-Light.otf in Resources */ = {isa = PBXBuildFile; fileRef = 02146DAE249719E7009662C7 /* Montserrat-Light.otf */; };
		02146DB42497272F009662C7 /* R.generated.swift in Sources */ = {isa = PBXBuildFile; fileRef = 02146DB32497272F009662C7 /* R.generated.swift */; };
		02146DB7249728CB009662C7 /* ForecastResponse.swift in Sources */ = {isa = PBXBuildFile; fileRef = 02146DB6249728CB009662C7 /* ForecastResponse.swift */; };
		02146DBB249730AC009662C7 /* WeatherCondition.swift in Sources */ = {isa = PBXBuildFile; fileRef = 02146DBA249730AC009662C7 /* WeatherCondition.swift */; };
		02418CBD2499B4A700D805DE /* .swiftlint.yml in Resources */ = {isa = PBXBuildFile; fileRef = 02418CBC2499B4A600D805DE /* .swiftlint.yml */; };
		024C7D67248E04E00041B715 /* Weather.swift in Sources */ = {isa = PBXBuildFile; fileRef = 024C7D66248E04E00041B715 /* Weather.swift */; };
		024C7D6C248E180E0041B715 /* ShadowContainerView.swift in Sources */ = {isa = PBXBuildFile; fileRef = 024C7D6B248E180E0041B715 /* ShadowContainerView.swift */; };
		024C7D71248E22A70041B715 /* Localizable.strings in Resources */ = {isa = PBXBuildFile; fileRef = 024C7D73248E22A70041B715 /* Localizable.strings */; };
		026AEAEF2499DCAC004F352E /* RequestInterceptor.swift in Sources */ = {isa = PBXBuildFile; fileRef = 026AEAEE2499DCAC004F352E /* RequestInterceptor.swift */; };
		026AEAF12499DFB4004F352E /* KeychainStorage.swift in Sources */ = {isa = PBXBuildFile; fileRef = 026AEAF02499DFB4004F352E /* KeychainStorage.swift */; };
		026AEAF52499F97C004F352E /* AuthViewController.swift in Sources */ = {isa = PBXBuildFile; fileRef = 026AEAF42499F97C004F352E /* AuthViewController.swift */; };
		026AEAF9249B0C77004F352E /* AuthViewModel.swift in Sources */ = {isa = PBXBuildFile; fileRef = 026AEAF8249B0C77004F352E /* AuthViewModel.swift */; };
		02722F3E249744B20092D9B5 /* swiftgen.yml in Resources */ = {isa = PBXBuildFile; fileRef = 02722F3D249744B20092D9B5 /* swiftgen.yml */; };
		02722F40249745150092D9B5 /* L10n-Constants.swift in Sources */ = {isa = PBXBuildFile; fileRef = 02722F3F249745150092D9B5 /* L10n-Constants.swift */; };
		02722F44249757230092D9B5 /* ForecastViewController.swift in Sources */ = {isa = PBXBuildFile; fileRef = 02722F43249757230092D9B5 /* ForecastViewController.swift */; };
		02722F4624975D6E0092D9B5 /* Notification+Custom.swift in Sources */ = {isa = PBXBuildFile; fileRef = 02722F4524975D6E0092D9B5 /* Notification+Custom.swift */; };
		02722F48249762160092D9B5 /* Constants.swift in Sources */ = {isa = PBXBuildFile; fileRef = 02722F47249762160092D9B5 /* Constants.swift */; };
		02722F4A2497641A0092D9B5 /* MainTabViewController.swift in Sources */ = {isa = PBXBuildFile; fileRef = 02722F492497641A0092D9B5 /* MainTabViewController.swift */; };
		02722F4D249864CF0092D9B5 /* CoreLocationService.swift in Sources */ = {isa = PBXBuildFile; fileRef = 02722F4C249864CF0092D9B5 /* CoreLocationService.swift */; };
		02722F5124987B980092D9B5 /* ForecastViewModel.swift in Sources */ = {isa = PBXBuildFile; fileRef = 02722F5024987B980092D9B5 /* ForecastViewModel.swift */; };
		02722F5324988A910092D9B5 /* WeatherViewController.swift in Sources */ = {isa = PBXBuildFile; fileRef = 02722F5224988A910092D9B5 /* WeatherViewController.swift */; };
		02722F5524988ADB0092D9B5 /* WeatherViewModel.swift in Sources */ = {isa = PBXBuildFile; fileRef = 02722F5424988ADB0092D9B5 /* WeatherViewModel.swift */; };
		0276DB04248DCC1C005DB6F4 /* APIManager.swift in Sources */ = {isa = PBXBuildFile; fileRef = 0276DB03248DCC1C005DB6F4 /* APIManager.swift */; };
		0276DB06248DD296005DB6F4 /* Router.swift in Sources */ = {isa = PBXBuildFile; fileRef = 0276DB05248DD296005DB6F4 /* Router.swift */; };
		0276DB09248DD670005DB6F4 /* WeatherRequest.swift in Sources */ = {isa = PBXBuildFile; fileRef = 0276DB08248DD670005DB6F4 /* WeatherRequest.swift */; };
		0276DB0B248DD686005DB6F4 /* ForecastRequest.swift in Sources */ = {isa = PBXBuildFile; fileRef = 0276DB0A248DD686005DB6F4 /* ForecastRequest.swift */; };
		0276DB0F248DF2ED005DB6F4 /* RoundedButton.swift in Sources */ = {isa = PBXBuildFile; fileRef = 0276DB0E248DF2ED005DB6F4 /* RoundedButton.swift */; };
		02E7F6CD248A2B1500B7378E /* AppDelegate.swift in Sources */ = {isa = PBXBuildFile; fileRef = 02E7F6CC248A2B1500B7378E /* AppDelegate.swift */; };
		02E7F6CF248A2B1500B7378E /* SceneDelegate.swift in Sources */ = {isa = PBXBuildFile; fileRef = 02E7F6CE248A2B1500B7378E /* SceneDelegate.swift */; };
		02E7F6D4248A2B1500B7378E /* Main.storyboard in Resources */ = {isa = PBXBuildFile; fileRef = 02E7F6D2248A2B1500B7378E /* Main.storyboard */; };
		02E7F6D6248A2B1C00B7378E /* Assets.xcassets in Resources */ = {isa = PBXBuildFile; fileRef = 02E7F6D5248A2B1C00B7378E /* Assets.xcassets */; };
		02E7F6D9248A2B1C00B7378E /* LaunchScreen.storyboard in Resources */ = {isa = PBXBuildFile; fileRef = 02E7F6D7248A2B1C00B7378E /* LaunchScreen.storyboard */; };
		22E5DC1B71C808B037D1CEEE /* Pods_Weather.framework in Frameworks */ = {isa = PBXBuildFile; fileRef = A0BA88184F7E93D30DC1D429 /* Pods_Weather.framework */; };
/* End PBXBuildFile section */

/* Begin PBXFileReference section */
		02146DA224970F09009662C7 /* Montserrat-Medium.otf */ = {isa = PBXFileReference; lastKnownFileType = file; path = "Montserrat-Medium.otf"; sourceTree = "<group>"; };
		02146DA424971024009662C7 /* Weather.storyboard */ = {isa = PBXFileReference; lastKnownFileType = file.storyboard; path = Weather.storyboard; sourceTree = "<group>"; };
		02146DA6249715B3009662C7 /* Forecast.storyboard */ = {isa = PBXFileReference; lastKnownFileType = file.storyboard; path = Forecast.storyboard; sourceTree = "<group>"; };
		02146DAA249716CC009662C7 /* ForecastDayTableViewCell.swift */ = {isa = PBXFileReference; lastKnownFileType = sourcecode.swift; path = ForecastDayTableViewCell.swift; sourceTree = "<group>"; };
		02146DAB249716CC009662C7 /* ForecastDayTableViewCell.xib */ = {isa = PBXFileReference; lastKnownFileType = file.xib; path = ForecastDayTableViewCell.xib; sourceTree = "<group>"; };
		02146DAE249719E7009662C7 /* Montserrat-Light.otf */ = {isa = PBXFileReference; lastKnownFileType = file; path = "Montserrat-Light.otf"; sourceTree = "<group>"; };
		02146DB32497272F009662C7 /* R.generated.swift */ = {isa = PBXFileReference; fileEncoding = 4; lastKnownFileType = sourcecode.swift; path = R.generated.swift; sourceTree = SOURCE_ROOT; };
		02146DB6249728CB009662C7 /* ForecastResponse.swift */ = {isa = PBXFileReference; lastKnownFileType = sourcecode.swift; path = ForecastResponse.swift; sourceTree = "<group>"; };
		02146DBA249730AC009662C7 /* WeatherCondition.swift */ = {isa = PBXFileReference; lastKnownFileType = sourcecode.swift; path = WeatherCondition.swift; sourceTree = "<group>"; };
		02418CBC2499B4A600D805DE /* .swiftlint.yml */ = {isa = PBXFileReference; fileEncoding = 4; lastKnownFileType = text.yaml; path = .swiftlint.yml; sourceTree = SOURCE_ROOT; };
		024C7D66248E04E00041B715 /* Weather.swift */ = {isa = PBXFileReference; lastKnownFileType = sourcecode.swift; path = Weather.swift; sourceTree = "<group>"; };
		024C7D6B248E180E0041B715 /* ShadowContainerView.swift */ = {isa = PBXFileReference; lastKnownFileType = sourcecode.swift; path = ShadowContainerView.swift; sourceTree = "<group>"; };
		024C7D72248E22A70041B715 /* en */ = {isa = PBXFileReference; lastKnownFileType = text.plist.strings; name = en; path = en.lproj/Localizable.strings; sourceTree = "<group>"; };
		024C7D74248E22BF0041B715 /* ja */ = {isa = PBXFileReference; lastKnownFileType = text.plist.strings; name = ja; path = ja.lproj/Localizable.strings; sourceTree = "<group>"; };
		024C7D75248E23210041B715 /* Base */ = {isa = PBXFileReference; lastKnownFileType = text.plist.strings; name = Base; path = Base.lproj/Localizable.strings; sourceTree = "<group>"; };
		024C7D78248E23820041B715 /* Info.plist */ = {isa = PBXFileReference; lastKnownFileType = text.plist; name = Info.plist; path = Weather/Info.plist; sourceTree = SOURCE_ROOT; };
		026AEAEE2499DCAC004F352E /* RequestInterceptor.swift */ = {isa = PBXFileReference; lastKnownFileType = sourcecode.swift; path = RequestInterceptor.swift; sourceTree = "<group>"; };
		026AEAF02499DFB4004F352E /* KeychainStorage.swift */ = {isa = PBXFileReference; lastKnownFileType = sourcecode.swift; path = KeychainStorage.swift; sourceTree = "<group>"; };
		026AEAF42499F97C004F352E /* AuthViewController.swift */ = {isa = PBXFileReference; lastKnownFileType = sourcecode.swift; path = AuthViewController.swift; sourceTree = "<group>"; };
		026AEAF8249B0C77004F352E /* AuthViewModel.swift */ = {isa = PBXFileReference; lastKnownFileType = sourcecode.swift; path = AuthViewModel.swift; sourceTree = "<group>"; };
		02722F3D249744B20092D9B5 /* swiftgen.yml */ = {isa = PBXFileReference; fileEncoding = 4; lastKnownFileType = text.yaml; path = swiftgen.yml; sourceTree = SOURCE_ROOT; };
		02722F3F249745150092D9B5 /* L10n-Constants.swift */ = {isa = PBXFileReference; fileEncoding = 4; lastKnownFileType = sourcecode.swift; path = "L10n-Constants.swift"; sourceTree = "<group>"; };
		02722F43249757230092D9B5 /* ForecastViewController.swift */ = {isa = PBXFileReference; lastKnownFileType = sourcecode.swift; path = ForecastViewController.swift; sourceTree = "<group>"; };
		02722F4524975D6E0092D9B5 /* Notification+Custom.swift */ = {isa = PBXFileReference; lastKnownFileType = sourcecode.swift; path = "Notification+Custom.swift"; sourceTree = "<group>"; };
		02722F47249762160092D9B5 /* Constants.swift */ = {isa = PBXFileReference; lastKnownFileType = sourcecode.swift; path = Constants.swift; sourceTree = "<group>"; };
		02722F492497641A0092D9B5 /* MainTabViewController.swift */ = {isa = PBXFileReference; lastKnownFileType = sourcecode.swift; path = MainTabViewController.swift; sourceTree = "<group>"; };
		02722F4C249864CF0092D9B5 /* CoreLocationService.swift */ = {isa = PBXFileReference; lastKnownFileType = sourcecode.swift; path = CoreLocationService.swift; sourceTree = "<group>"; };
		02722F5024987B980092D9B5 /* ForecastViewModel.swift */ = {isa = PBXFileReference; lastKnownFileType = sourcecode.swift; path = ForecastViewModel.swift; sourceTree = "<group>"; };
		02722F5224988A910092D9B5 /* WeatherViewController.swift */ = {isa = PBXFileReference; lastKnownFileType = sourcecode.swift; path = WeatherViewController.swift; sourceTree = "<group>"; };
		02722F5424988ADB0092D9B5 /* WeatherViewModel.swift */ = {isa = PBXFileReference; lastKnownFileType = sourcecode.swift; path = WeatherViewModel.swift; sourceTree = "<group>"; };
		0276DB03248DCC1C005DB6F4 /* APIManager.swift */ = {isa = PBXFileReference; lastKnownFileType = sourcecode.swift; path = APIManager.swift; sourceTree = "<group>"; };
		0276DB05248DD296005DB6F4 /* Router.swift */ = {isa = PBXFileReference; lastKnownFileType = sourcecode.swift; path = Router.swift; sourceTree = "<group>"; };
		0276DB08248DD670005DB6F4 /* WeatherRequest.swift */ = {isa = PBXFileReference; lastKnownFileType = sourcecode.swift; path = WeatherRequest.swift; sourceTree = "<group>"; };
		0276DB0A248DD686005DB6F4 /* ForecastRequest.swift */ = {isa = PBXFileReference; lastKnownFileType = sourcecode.swift; path = ForecastRequest.swift; sourceTree = "<group>"; };
		0276DB0E248DF2ED005DB6F4 /* RoundedButton.swift */ = {isa = PBXFileReference; lastKnownFileType = sourcecode.swift; path = RoundedButton.swift; sourceTree = "<group>"; };
		02E7F6C9248A2B1500B7378E /* Weather.app */ = {isa = PBXFileReference; explicitFileType = wrapper.application; includeInIndex = 0; path = Weather.app; sourceTree = BUILT_PRODUCTS_DIR; };
		02E7F6CC248A2B1500B7378E /* AppDelegate.swift */ = {isa = PBXFileReference; lastKnownFileType = sourcecode.swift; path = AppDelegate.swift; sourceTree = "<group>"; };
		02E7F6CE248A2B1500B7378E /* SceneDelegate.swift */ = {isa = PBXFileReference; lastKnownFileType = sourcecode.swift; path = SceneDelegate.swift; sourceTree = "<group>"; };
		02E7F6D3248A2B1500B7378E /* Base */ = {isa = PBXFileReference; lastKnownFileType = file.storyboard; name = Base; path = Base.lproj/Main.storyboard; sourceTree = "<group>"; };
		02E7F6D5248A2B1C00B7378E /* Assets.xcassets */ = {isa = PBXFileReference; lastKnownFileType = folder.assetcatalog; path = Assets.xcassets; sourceTree = "<group>"; };
		02E7F6D8248A2B1C00B7378E /* Base */ = {isa = PBXFileReference; lastKnownFileType = file.storyboard; name = Base; path = Base.lproj/LaunchScreen.storyboard; sourceTree = "<group>"; };
		02E7F701248DC68D00B7378E /* Alamofire.framework */ = {isa = PBXFileReference; lastKnownFileType = wrapper.framework; name = Alamofire.framework; path = Carthage/Build/iOS/Alamofire.framework; sourceTree = "<group>"; };
		411E74A4112F740533D98440 /* Pods-Weather.release.xcconfig */ = {isa = PBXFileReference; includeInIndex = 1; lastKnownFileType = text.xcconfig; name = "Pods-Weather.release.xcconfig"; path = "Target Support Files/Pods-Weather/Pods-Weather.release.xcconfig"; sourceTree = "<group>"; };
		A0BA88184F7E93D30DC1D429 /* Pods_Weather.framework */ = {isa = PBXFileReference; explicitFileType = wrapper.framework; includeInIndex = 0; path = Pods_Weather.framework; sourceTree = BUILT_PRODUCTS_DIR; };
		EEFE94C54B84C149D341871D /* Pods-Weather.debug.xcconfig */ = {isa = PBXFileReference; includeInIndex = 1; lastKnownFileType = text.xcconfig; name = "Pods-Weather.debug.xcconfig"; path = "Target Support Files/Pods-Weather/Pods-Weather.debug.xcconfig"; sourceTree = "<group>"; };
/* End PBXFileReference section */

/* Begin PBXFrameworksBuildPhase section */
		02E7F6C6248A2B1500B7378E /* Frameworks */ = {
			isa = PBXFrameworksBuildPhase;
			buildActionMask = 2147483647;
			files = (
				22E5DC1B71C808B037D1CEEE /* Pods_Weather.framework in Frameworks */,
			);
			runOnlyForDeploymentPostprocessing = 0;
		};
/* End PBXFrameworksBuildPhase section */

/* Begin PBXGroup section */
		02146DA124970E8E009662C7 /* Fonts */ = {
			isa = PBXGroup;
			children = (
				02146DAE249719E7009662C7 /* Montserrat-Light.otf */,
				02146DA224970F09009662C7 /* Montserrat-Medium.otf */,
			);
			path = Fonts;
			sourceTree = "<group>";
		};
		02146DA824971690009662C7 /* Cells */ = {
			isa = PBXGroup;
			children = (
				02146DAA249716CC009662C7 /* ForecastDayTableViewCell.swift */,
				02146DAB249716CC009662C7 /* ForecastDayTableViewCell.xib */,
			);
			path = Cells;
			sourceTree = "<group>";
		};
		02146DA924971699009662C7 /* Headers */ = {
			isa = PBXGroup;
			children = (
			);
			path = Headers;
			sourceTree = "<group>";
		};
		02146DB924973096009662C7 /* Enums */ = {
			isa = PBXGroup;
			children = (
				02146DBA249730AC009662C7 /* WeatherCondition.swift */,
			);
			path = Enums;
			sourceTree = "<group>";
		};
		024C7D65248E04C50041B715 /* Models */ = {
			isa = PBXGroup;
			children = (
				02146DB924973096009662C7 /* Enums */,
				024C7D66248E04E00041B715 /* Weather.swift */,
				02146DB6249728CB009662C7 /* ForecastResponse.swift */,
			);
			path = Models;
			sourceTree = "<group>";
		};
		024C7D68248E17060041B715 /* Extensions */ = {
			isa = PBXGroup;
			children = (
				02722F4524975D6E0092D9B5 /* Notification+Custom.swift */,
			);
			path = Extensions;
			sourceTree = "<group>";
		};
		024C7D6E248E22270041B715 /* Resources */ = {
			isa = PBXGroup;
			children = (
				02146DA124970E8E009662C7 /* Fonts */,
				02E7F6D5248A2B1C00B7378E /* Assets.xcassets */,
				024C7D73248E22A70041B715 /* Localizable.strings */,
				02146DB32497272F009662C7 /* R.generated.swift */,
				02722F3F249745150092D9B5 /* L10n-Constants.swift */,
				02722F47249762160092D9B5 /* Constants.swift */,
			);
			path = Resources;
			sourceTree = "<group>";
		};
		024C7D76248E23440041B715 /* SupportingFiles */ = {
			isa = PBXGroup;
			children = (
				02418CBC2499B4A600D805DE /* .swiftlint.yml */,
				02722F3D249744B20092D9B5 /* swiftgen.yml */,
				024C7D78248E23820041B715 /* Info.plist */,
				02E7F6D7248A2B1C00B7378E /* LaunchScreen.storyboard */,
				02E7F6CC248A2B1500B7378E /* AppDelegate.swift */,
				02E7F6CE248A2B1500B7378E /* SceneDelegate.swift */,
			);
			path = SupportingFiles;
			sourceTree = "<group>";
		};
		024C7D77248E23630041B715 /* Controllers */ = {
			isa = PBXGroup;
			children = (
				02722F492497641A0092D9B5 /* MainTabViewController.swift */,
				02722F43249757230092D9B5 /* ForecastViewController.swift */,
				02722F5224988A910092D9B5 /* WeatherViewController.swift */,
				026AEAF42499F97C004F352E /* AuthViewController.swift */,
			);
			path = Controllers;
			sourceTree = "<group>";
		};
		024C7D7A248E24250041B715 /* Storyboards */ = {
			isa = PBXGroup;
			children = (
				02E7F6D2248A2B1500B7378E /* Main.storyboard */,
				02146DA424971024009662C7 /* Weather.storyboard */,
				02146DA6249715B3009662C7 /* Forecast.storyboard */,
			);
			path = Storyboards;
			sourceTree = "<group>";
		};
		02722F4B249864B20092D9B5 /* Helpers */ = {
			isa = PBXGroup;
			children = (
				024C7D68248E17060041B715 /* Extensions */,
				02722F4C249864CF0092D9B5 /* CoreLocationService.swift */,
			);
			path = Helpers;
			sourceTree = "<group>";
		};
		02722F4F24987B740092D9B5 /* ViewModels */ = {
			isa = PBXGroup;
			children = (
				02722F5024987B980092D9B5 /* ForecastViewModel.swift */,
				02722F5424988ADB0092D9B5 /* WeatherViewModel.swift */,
				026AEAF8249B0C77004F352E /* AuthViewModel.swift */,
			);
			path = ViewModels;
			sourceTree = "<group>";
		};
		0276DB02248DCC02005DB6F4 /* Networking */ = {
			isa = PBXGroup;
			children = (
				0276DB07248DD661005DB6F4 /* Routers */,
				0276DB03248DCC1C005DB6F4 /* APIManager.swift */,
				0276DB05248DD296005DB6F4 /* Router.swift */,
				026AEAEE2499DCAC004F352E /* RequestInterceptor.swift */,
				026AEAF02499DFB4004F352E /* KeychainStorage.swift */,
			);
			path = Networking;
			sourceTree = "<group>";
		};
		0276DB07248DD661005DB6F4 /* Routers */ = {
			isa = PBXGroup;
			children = (
				0276DB08248DD670005DB6F4 /* WeatherRequest.swift */,
				0276DB0A248DD686005DB6F4 /* ForecastRequest.swift */,
			);
			path = Routers;
			sourceTree = "<group>";
		};
		0276DB0C248DF2AC005DB6F4 /* Views */ = {
			isa = PBXGroup;
			children = (
				02146DA924971699009662C7 /* Headers */,
				02146DA824971690009662C7 /* Cells */,
				0276DB0D248DF2B7005DB6F4 /* SharedComponents */,
			);
			path = Views;
			sourceTree = "<group>";
		};
		0276DB0D248DF2B7005DB6F4 /* SharedComponents */ = {
			isa = PBXGroup;
			children = (
				0276DB0E248DF2ED005DB6F4 /* RoundedButton.swift */,
				024C7D6B248E180E0041B715 /* ShadowContainerView.swift */,
			);
			path = SharedComponents;
			sourceTree = "<group>";
		};
		02E7F6C0248A2B1500B7378E = {
			isa = PBXGroup;
			children = (
				02E7F6CB248A2B1500B7378E /* Weather */,
				02E7F6CA248A2B1500B7378E /* Products */,
				02E7F700248DC68C00B7378E /* Frameworks */,
				18BCB0444D0E56902EFAD517 /* Pods */,
			);
			sourceTree = "<group>";
		};
		02E7F6CA248A2B1500B7378E /* Products */ = {
			isa = PBXGroup;
			children = (
				02E7F6C9248A2B1500B7378E /* Weather.app */,
			);
			name = Products;
			sourceTree = "<group>";
		};
		02E7F6CB248A2B1500B7378E /* Weather */ = {
			isa = PBXGroup;
			children = (
				024C7D76248E23440041B715 /* SupportingFiles */,
				024C7D6E248E22270041B715 /* Resources */,
				02722F4B249864B20092D9B5 /* Helpers */,
				0276DB02248DCC02005DB6F4 /* Networking */,
				024C7D65248E04C50041B715 /* Models */,
				024C7D7A248E24250041B715 /* Storyboards */,
				0276DB0C248DF2AC005DB6F4 /* Views */,
				02722F4F24987B740092D9B5 /* ViewModels */,
				024C7D77248E23630041B715 /* Controllers */,
			);
			path = Weather;
			sourceTree = "<group>";
		};
		02E7F700248DC68C00B7378E /* Frameworks */ = {
			isa = PBXGroup;
			children = (
				02E7F701248DC68D00B7378E /* Alamofire.framework */,
				A0BA88184F7E93D30DC1D429 /* Pods_Weather.framework */,
			);
			name = Frameworks;
			sourceTree = "<group>";
		};
		18BCB0444D0E56902EFAD517 /* Pods */ = {
			isa = PBXGroup;
			children = (
				EEFE94C54B84C149D341871D /* Pods-Weather.debug.xcconfig */,
				411E74A4112F740533D98440 /* Pods-Weather.release.xcconfig */,
			);
			path = Pods;
			sourceTree = "<group>";
		};
/* End PBXGroup section */

/* Begin PBXNativeTarget section */
		02E7F6C8248A2B1500B7378E /* Weather */ = {
			isa = PBXNativeTarget;
			buildConfigurationList = 02E7F6DD248A2B1C00B7378E /* Build configuration list for PBXNativeTarget "Weather" */;
			buildPhases = (
				3214FCAF418EC35C10CDB329 /* [CP] Check Pods Manifest.lock */,
				02418CB92499B06600D805DE /* ShellScript */,
				02E7F705248DC6B200B7378E /* Run Script */,
				02E7F6C5248A2B1500B7378E /* Sources */,
				02E7F6C6248A2B1500B7378E /* Frameworks */,
				02E7F6C7248A2B1500B7378E /* Resources */,
				E4E787663961C9041B311FC4 /* [CP] Embed Pods Frameworks */,
				C292D21EA6CFF50A3CF405BB /* [CP] Copy Pods Resources */,
			);
			buildRules = (
			);
			dependencies = (
			);
			name = Weather;
			productName = Weather;
			productReference = 02E7F6C9248A2B1500B7378E /* Weather.app */;
			productType = "com.apple.product-type.application";
		};
/* End PBXNativeTarget section */

/* Begin PBXProject section */
		02E7F6C1248A2B1500B7378E /* Project object */ = {
			isa = PBXProject;
			attributes = {
				LastSwiftUpdateCheck = 1150;
				LastUpgradeCheck = 1150;
				ORGANIZATIONNAME = rafael;
				TargetAttributes = {
					02E7F6C8248A2B1500B7378E = {
						CreatedOnToolsVersion = 11.5;
					};
				};
			};
			buildConfigurationList = 02E7F6C4248A2B1500B7378E /* Build configuration list for PBXProject "Weather" */;
			compatibilityVersion = "Xcode 9.3";
			developmentRegion = en;
			hasScannedForEncodings = 0;
			knownRegions = (
				en,
				Base,
				ja,
			);
			mainGroup = 02E7F6C0248A2B1500B7378E;
			productRefGroup = 02E7F6CA248A2B1500B7378E /* Products */;
			projectDirPath = "";
			projectRoot = "";
			targets = (
				02E7F6C8248A2B1500B7378E /* Weather */,
			);
		};
/* End PBXProject section */

/* Begin PBXResourcesBuildPhase section */
		02E7F6C7248A2B1500B7378E /* Resources */ = {
			isa = PBXResourcesBuildPhase;
			buildActionMask = 2147483647;
			files = (
				02146DA7249715B3009662C7 /* Forecast.storyboard in Resources */,
				02722F3E249744B20092D9B5 /* swiftgen.yml in Resources */,
				02E7F6D9248A2B1C00B7378E /* LaunchScreen.storyboard in Resources */,
				02146DA524971024009662C7 /* Weather.storyboard in Resources */,
				02146DA324970F09009662C7 /* Montserrat-Medium.otf in Resources */,
				024C7D71248E22A70041B715 /* Localizable.strings in Resources */,
				02146DAD249716CC009662C7 /* ForecastDayTableViewCell.xib in Resources */,
				02E7F6D6248A2B1C00B7378E /* Assets.xcassets in Resources */,
				02E7F6D4248A2B1500B7378E /* Main.storyboard in Resources */,
				02146DAF249719E7009662C7 /* Montserrat-Light.otf in Resources */,
				02418CBD2499B4A700D805DE /* .swiftlint.yml in Resources */,
			);
			runOnlyForDeploymentPostprocessing = 0;
		};
/* End PBXResourcesBuildPhase section */

/* Begin PBXShellScriptBuildPhase section */
		02418CB92499B06600D805DE /* ShellScript */ = {
			isa = PBXShellScriptBuildPhase;
			buildActionMask = 2147483647;
			files = (
			);
			inputFileListPaths = (
			);
			inputPaths = (
			);
			outputFileListPaths = (
			);
			outputPaths = (
			);
			runOnlyForDeploymentPostprocessing = 0;
			shellPath = /bin/sh;
			shellScript = "# Type a script or drag a script file from your workspace to insert its path.\n\"${PODS_ROOT}/SwiftLint/swiftlint\"\n";
		};
		02E7F705248DC6B200B7378E /* Run Script */ = {
			isa = PBXShellScriptBuildPhase;
			buildActionMask = 2147483647;
			files = (
			);
			inputFileListPaths = (
			);
			inputPaths = (
				"$TEMP_DIR/rswift-lastrun",
			);
			name = "Run Script";
			outputFileListPaths = (
			);
			outputPaths = (
				$SRCROOT/R.generated.swift,
			);
			runOnlyForDeploymentPostprocessing = 0;
			shellPath = /bin/sh;
			shellScript = "# Type a script or drag a script file from your workspace to insert its path.\n#/usr/local/bin/carthage copy-frameworks\n\"$PODS_ROOT/R.swift/rswift\" generate \"$SRCROOT/R.generated.swift\"\n";
		};
		3214FCAF418EC35C10CDB329 /* [CP] Check Pods Manifest.lock */ = {
			isa = PBXShellScriptBuildPhase;
			buildActionMask = 2147483647;
			files = (
			);
			inputFileListPaths = (
			);
			inputPaths = (
				"${PODS_PODFILE_DIR_PATH}/Podfile.lock",
				"${PODS_ROOT}/Manifest.lock",
			);
			name = "[CP] Check Pods Manifest.lock";
			outputFileListPaths = (
			);
			outputPaths = (
				"$(DERIVED_FILE_DIR)/Pods-Weather-checkManifestLockResult.txt",
			);
			runOnlyForDeploymentPostprocessing = 0;
			shellPath = /bin/sh;
			shellScript = "diff \"${PODS_PODFILE_DIR_PATH}/Podfile.lock\" \"${PODS_ROOT}/Manifest.lock\" > /dev/null\nif [ $? != 0 ] ; then\n    # print error to STDERR\n    echo \"error: The sandbox is not in sync with the Podfile.lock. Run 'pod install' or update your CocoaPods installation.\" >&2\n    exit 1\nfi\n# This output is used by Xcode 'outputs' to avoid re-running this script phase.\necho \"SUCCESS\" > \"${SCRIPT_OUTPUT_FILE_0}\"\n";
			showEnvVarsInLog = 0;
		};
		C292D21EA6CFF50A3CF405BB /* [CP] Copy Pods Resources */ = {
			isa = PBXShellScriptBuildPhase;
			buildActionMask = 2147483647;
			files = (
			);
			inputFileListPaths = (
				"${PODS_ROOT}/Target Support Files/Pods-Weather/Pods-Weather-resources-${CONFIGURATION}-input-files.xcfilelist",
			);
			name = "[CP] Copy Pods Resources";
			outputFileListPaths = (
				"${PODS_ROOT}/Target Support Files/Pods-Weather/Pods-Weather-resources-${CONFIGURATION}-output-files.xcfilelist",
			);
			runOnlyForDeploymentPostprocessing = 0;
			shellPath = /bin/sh;
			shellScript = "\"${PODS_ROOT}/Target Support Files/Pods-Weather/Pods-Weather-resources.sh\"\n";
			showEnvVarsInLog = 0;
		};
		E4E787663961C9041B311FC4 /* [CP] Embed Pods Frameworks */ = {
			isa = PBXShellScriptBuildPhase;
			buildActionMask = 2147483647;
			files = (
			);
			inputFileListPaths = (
				"${PODS_ROOT}/Target Support Files/Pods-Weather/Pods-Weather-frameworks-${CONFIGURATION}-input-files.xcfilelist",
			);
			name = "[CP] Embed Pods Frameworks";
			outputFileListPaths = (
				"${PODS_ROOT}/Target Support Files/Pods-Weather/Pods-Weather-frameworks-${CONFIGURATION}-output-files.xcfilelist",
			);
			runOnlyForDeploymentPostprocessing = 0;
			shellPath = /bin/sh;
			shellScript = "\"${PODS_ROOT}/Target Support Files/Pods-Weather/Pods-Weather-frameworks.sh\"\n";
			showEnvVarsInLog = 0;
		};
/* End PBXShellScriptBuildPhase section */

/* Begin PBXSourcesBuildPhase section */
		02E7F6C5248A2B1500B7378E /* Sources */ = {
			isa = PBXSourcesBuildPhase;
			buildActionMask = 2147483647;
			files = (
				02722F4A2497641A0092D9B5 /* MainTabViewController.swift in Sources */,
				0276DB04248DCC1C005DB6F4 /* APIManager.swift in Sources */,
				024C7D6C248E180E0041B715 /* ShadowContainerView.swift in Sources */,
				02722F5124987B980092D9B5 /* ForecastViewModel.swift in Sources */,
				0276DB09248DD670005DB6F4 /* WeatherRequest.swift in Sources */,
				0276DB0F248DF2ED005DB6F4 /* RoundedButton.swift in Sources */,
				026AEAEF2499DCAC004F352E /* RequestInterceptor.swift in Sources */,
				0276DB06248DD296005DB6F4 /* Router.swift in Sources */,
				026AEAF52499F97C004F352E /* AuthViewController.swift in Sources */,
				02146DBB249730AC009662C7 /* WeatherCondition.swift in Sources */,
				02146DAC249716CC009662C7 /* ForecastDayTableViewCell.swift in Sources */,
				0276DB0B248DD686005DB6F4 /* ForecastRequest.swift in Sources */,
				02E7F6CD248A2B1500B7378E /* AppDelegate.swift in Sources */,
				02722F40249745150092D9B5 /* L10n-Constants.swift in Sources */,
				02722F4D249864CF0092D9B5 /* CoreLocationService.swift in Sources */,
				024C7D67248E04E00041B715 /* Weather.swift in Sources */,
				02146DB7249728CB009662C7 /* ForecastResponse.swift in Sources */,
				02722F44249757230092D9B5 /* ForecastViewController.swift in Sources */,
				026AEAF12499DFB4004F352E /* KeychainStorage.swift in Sources */,
				02E7F6CF248A2B1500B7378E /* SceneDelegate.swift in Sources */,
				02722F4624975D6E0092D9B5 /* Notification+Custom.swift in Sources */,
				02146DB42497272F009662C7 /* R.generated.swift in Sources */,
				02722F5524988ADB0092D9B5 /* WeatherViewModel.swift in Sources */,
				02722F48249762160092D9B5 /* Constants.swift in Sources */,
				026AEAF9249B0C77004F352E /* AuthViewModel.swift in Sources */,
				02722F5324988A910092D9B5 /* WeatherViewController.swift in Sources */,
			);
			runOnlyForDeploymentPostprocessing = 0;
		};
/* End PBXSourcesBuildPhase section */

/* Begin PBXVariantGroup section */
		024C7D73248E22A70041B715 /* Localizable.strings */ = {
			isa = PBXVariantGroup;
			children = (
				024C7D72248E22A70041B715 /* en */,
				024C7D74248E22BF0041B715 /* ja */,
				024C7D75248E23210041B715 /* Base */,
			);
			name = Localizable.strings;
			sourceTree = "<group>";
		};
		02E7F6D2248A2B1500B7378E /* Main.storyboard */ = {
			isa = PBXVariantGroup;
			children = (
				02E7F6D3248A2B1500B7378E /* Base */,
			);
			name = Main.storyboard;
			sourceTree = "<group>";
		};
		02E7F6D7248A2B1C00B7378E /* LaunchScreen.storyboard */ = {
			isa = PBXVariantGroup;
			children = (
				02E7F6D8248A2B1C00B7378E /* Base */,
			);
			name = LaunchScreen.storyboard;
			sourceTree = "<group>";
		};
/* End PBXVariantGroup section */

/* Begin XCBuildConfiguration section */
		02E7F6DB248A2B1C00B7378E /* Debug */ = {
			isa = XCBuildConfiguration;
			buildSettings = {
				ALWAYS_SEARCH_USER_PATHS = NO;
				CLANG_ANALYZER_LOCALIZABILITY_NONLOCALIZED = YES;
				CLANG_ANALYZER_NONNULL = YES;
				CLANG_ANALYZER_NUMBER_OBJECT_CONVERSION = YES_AGGRESSIVE;
				CLANG_CXX_LANGUAGE_STANDARD = "gnu++14";
				CLANG_CXX_LIBRARY = "libc++";
				CLANG_ENABLE_MODULES = YES;
				CLANG_ENABLE_OBJC_ARC = YES;
				CLANG_ENABLE_OBJC_WEAK = YES;
				CLANG_WARN_BLOCK_CAPTURE_AUTORELEASING = YES;
				CLANG_WARN_BOOL_CONVERSION = YES;
				CLANG_WARN_COMMA = YES;
				CLANG_WARN_CONSTANT_CONVERSION = YES;
				CLANG_WARN_DEPRECATED_OBJC_IMPLEMENTATIONS = YES;
				CLANG_WARN_DIRECT_OBJC_ISA_USAGE = YES_ERROR;
				CLANG_WARN_DOCUMENTATION_COMMENTS = YES;
				CLANG_WARN_EMPTY_BODY = YES;
				CLANG_WARN_ENUM_CONVERSION = YES;
				CLANG_WARN_INFINITE_RECURSION = YES;
				CLANG_WARN_INT_CONVERSION = YES;
				CLANG_WARN_NON_LITERAL_NULL_CONVERSION = YES;
				CLANG_WARN_OBJC_IMPLICIT_RETAIN_SELF = YES;
				CLANG_WARN_OBJC_LITERAL_CONVERSION = YES;
				CLANG_WARN_OBJC_ROOT_CLASS = YES_ERROR;
				CLANG_WARN_RANGE_LOOP_ANALYSIS = YES;
				CLANG_WARN_STRICT_PROTOTYPES = YES;
				CLANG_WARN_SUSPICIOUS_MOVE = YES;
				CLANG_WARN_UNGUARDED_AVAILABILITY = YES_AGGRESSIVE;
				CLANG_WARN_UNREACHABLE_CODE = YES;
				CLANG_WARN__DUPLICATE_METHOD_MATCH = YES;
				COPY_PHASE_STRIP = NO;
				DEBUG_INFORMATION_FORMAT = dwarf;
				ENABLE_STRICT_OBJC_MSGSEND = YES;
				ENABLE_TESTABILITY = YES;
				GCC_C_LANGUAGE_STANDARD = gnu11;
				GCC_DYNAMIC_NO_PIC = NO;
				GCC_NO_COMMON_BLOCKS = YES;
				GCC_OPTIMIZATION_LEVEL = 0;
				GCC_PREPROCESSOR_DEFINITIONS = (
					"DEBUG=1",
					"$(inherited)",
				);
				GCC_WARN_64_TO_32_BIT_CONVERSION = YES;
				GCC_WARN_ABOUT_RETURN_TYPE = YES_ERROR;
				GCC_WARN_UNDECLARED_SELECTOR = YES;
				GCC_WARN_UNINITIALIZED_AUTOS = YES_AGGRESSIVE;
				GCC_WARN_UNUSED_FUNCTION = YES;
				GCC_WARN_UNUSED_VARIABLE = YES;
				IPHONEOS_DEPLOYMENT_TARGET = 13.5;
				MTL_ENABLE_DEBUG_INFO = INCLUDE_SOURCE;
				MTL_FAST_MATH = YES;
				ONLY_ACTIVE_ARCH = YES;
				SDKROOT = iphoneos;
				SWIFT_ACTIVE_COMPILATION_CONDITIONS = DEBUG;
				SWIFT_OPTIMIZATION_LEVEL = "-Onone";
			};
			name = Debug;
		};
		02E7F6DC248A2B1C00B7378E /* Release */ = {
			isa = XCBuildConfiguration;
			buildSettings = {
				ALWAYS_SEARCH_USER_PATHS = NO;
				CLANG_ANALYZER_LOCALIZABILITY_NONLOCALIZED = YES;
				CLANG_ANALYZER_NONNULL = YES;
				CLANG_ANALYZER_NUMBER_OBJECT_CONVERSION = YES_AGGRESSIVE;
				CLANG_CXX_LANGUAGE_STANDARD = "gnu++14";
				CLANG_CXX_LIBRARY = "libc++";
				CLANG_ENABLE_MODULES = YES;
				CLANG_ENABLE_OBJC_ARC = YES;
				CLANG_ENABLE_OBJC_WEAK = YES;
				CLANG_WARN_BLOCK_CAPTURE_AUTORELEASING = YES;
				CLANG_WARN_BOOL_CONVERSION = YES;
				CLANG_WARN_COMMA = YES;
				CLANG_WARN_CONSTANT_CONVERSION = YES;
				CLANG_WARN_DEPRECATED_OBJC_IMPLEMENTATIONS = YES;
				CLANG_WARN_DIRECT_OBJC_ISA_USAGE = YES_ERROR;
				CLANG_WARN_DOCUMENTATION_COMMENTS = YES;
				CLANG_WARN_EMPTY_BODY = YES;
				CLANG_WARN_ENUM_CONVERSION = YES;
				CLANG_WARN_INFINITE_RECURSION = YES;
				CLANG_WARN_INT_CONVERSION = YES;
				CLANG_WARN_NON_LITERAL_NULL_CONVERSION = YES;
				CLANG_WARN_OBJC_IMPLICIT_RETAIN_SELF = YES;
				CLANG_WARN_OBJC_LITERAL_CONVERSION = YES;
				CLANG_WARN_OBJC_ROOT_CLASS = YES_ERROR;
				CLANG_WARN_RANGE_LOOP_ANALYSIS = YES;
				CLANG_WARN_STRICT_PROTOTYPES = YES;
				CLANG_WARN_SUSPICIOUS_MOVE = YES;
				CLANG_WARN_UNGUARDED_AVAILABILITY = YES_AGGRESSIVE;
				CLANG_WARN_UNREACHABLE_CODE = YES;
				CLANG_WARN__DUPLICATE_METHOD_MATCH = YES;
				COPY_PHASE_STRIP = NO;
				DEBUG_INFORMATION_FORMAT = "dwarf-with-dsym";
				ENABLE_NS_ASSERTIONS = NO;
				ENABLE_STRICT_OBJC_MSGSEND = YES;
				GCC_C_LANGUAGE_STANDARD = gnu11;
				GCC_NO_COMMON_BLOCKS = YES;
				GCC_WARN_64_TO_32_BIT_CONVERSION = YES;
				GCC_WARN_ABOUT_RETURN_TYPE = YES_ERROR;
				GCC_WARN_UNDECLARED_SELECTOR = YES;
				GCC_WARN_UNINITIALIZED_AUTOS = YES_AGGRESSIVE;
				GCC_WARN_UNUSED_FUNCTION = YES;
				GCC_WARN_UNUSED_VARIABLE = YES;
				IPHONEOS_DEPLOYMENT_TARGET = 13.5;
				MTL_ENABLE_DEBUG_INFO = NO;
				MTL_FAST_MATH = YES;
				SDKROOT = iphoneos;
				SWIFT_COMPILATION_MODE = wholemodule;
				SWIFT_OPTIMIZATION_LEVEL = "-O";
				VALIDATE_PRODUCT = YES;
			};
			name = Release;
		};
		02E7F6DE248A2B1C00B7378E /* Debug */ = {
			isa = XCBuildConfiguration;
			baseConfigurationReference = EEFE94C54B84C149D341871D /* Pods-Weather.debug.xcconfig */;
			buildSettings = {
				ASSETCATALOG_COMPILER_APPICON_NAME = AppIcon;
				CODE_SIGN_STYLE = Automatic;
				DEVELOPMENT_TEAM = QHQTJY568Z;
				FRAMEWORK_SEARCH_PATHS = "$(inherited)";
				INFOPLIST_FILE = Weather/Info.plist;
				IPHONEOS_DEPLOYMENT_TARGET = 13.1;
				LD_RUNPATH_SEARCH_PATHS = (
					"$(inherited)",
					"@executable_path/Frameworks",
				);
				PRODUCT_BUNDLE_IDENTIFIER = com.rafael.Weather;
				PRODUCT_NAME = "$(TARGET_NAME)";
				SWIFT_VERSION = 5.0;
				TARGETED_DEVICE_FAMILY = "1,2";
			};
			name = Debug;
		};
		02E7F6DF248A2B1C00B7378E /* Release */ = {
			isa = XCBuildConfiguration;
			baseConfigurationReference = 411E74A4112F740533D98440 /* Pods-Weather.release.xcconfig */;
			buildSettings = {
				ASSETCATALOG_COMPILER_APPICON_NAME = AppIcon;
				CODE_SIGN_STYLE = Automatic;
				DEVELOPMENT_TEAM = QHQTJY568Z;
				FRAMEWORK_SEARCH_PATHS = "$(inherited)";
				INFOPLIST_FILE = Weather/Info.plist;
				IPHONEOS_DEPLOYMENT_TARGET = 13.1;
				LD_RUNPATH_SEARCH_PATHS = (
					"$(inherited)",
					"@executable_path/Frameworks",
				);
				PRODUCT_BUNDLE_IDENTIFIER = com.rafael.Weather;
				PRODUCT_NAME = "$(TARGET_NAME)";
				SWIFT_VERSION = 5.0;
				TARGETED_DEVICE_FAMILY = "1,2";
			};
			name = Release;
		};
/* End XCBuildConfiguration section */

/* Begin XCConfigurationList section */
		02E7F6C4248A2B1500B7378E /* Build configuration list for PBXProject "Weather" */ = {
			isa = XCConfigurationList;
			buildConfigurations = (
				02E7F6DB248A2B1C00B7378E /* Debug */,
				02E7F6DC248A2B1C00B7378E /* Release */,
			);
			defaultConfigurationIsVisible = 0;
			defaultConfigurationName = Release;
		};
		02E7F6DD248A2B1C00B7378E /* Build configuration list for PBXNativeTarget "Weather" */ = {
			isa = XCConfigurationList;
			buildConfigurations = (
				02E7F6DE248A2B1C00B7378E /* Debug */,
				02E7F6DF248A2B1C00B7378E /* Release */,
			);
			defaultConfigurationIsVisible = 0;
			defaultConfigurationName = Release;
		};
/* End XCConfigurationList section */
	};
	rootObject = 02E7F6C1248A2B1500B7378E /* Project object */;
}
